
Microsoft Visual Studio Solution File, Format Version 12.00
# Visual Studio 2013
VisualStudioVersion = 12.0.31101.0
MinimumVisualStudioVersion = 10.0.40219.1
Project("{FAE04EC0-301F-11D3-BF4B-00C04F79EFBC}") = "Ivan.Projet.Sudoku", "Ivan.Projet.Sudoku\Ivan.Projet.Sudoku.csproj", "{62855766-5F41-4CCE-ABC0-D871E39D282B}"
EndProject
Global
	GlobalSection(SolutionConfigurationPlatforms) = preSolution
		Debug|Any CPU = Debug|Any CPU
		Release|Any CPU = Release|Any CPU
	EndGlobalSection
	GlobalSection(ProjectConfigurationPlatforms) = postSolution
		{62855766-5F41-4CCE-ABC0-D871E39D282B}.Debug|Any CPU.ActiveCfg = Debug|Any CPU
		{62855766-5F41-4CCE-ABC0-D871E39D282B}.Debug|Any CPU.Build.0 = Debug|Any CPU
		{62855766-5F41-4CCE-ABC0-D871E39D282B}.Release|Any CPU.ActiveCfg = Release|Any CPU
		{62855766-5F41-4CCE-ABC0-D871E39D282B}.Release|Any CPU.Build.0 = Release|Any CPU
	EndGlobalSection
	GlobalSection(SolutionProperties) = preSolution
		HideSolutionNode = FALSE
	EndGlobalSection
EndGlobal
